PODS:
  - BigInt (3.1.0):
    - SipHash (~> 1.2)
  - CryptoSwift (0.10.0)
  - SipHash (1.2.2)
  - SwiftLint (0.23.0)
  - TrezorCrypto (0.0.9)
  - TrustCore (0.0.7):
    - BigInt
    - TrezorCrypto (~> 0.0.6)

DEPENDENCIES:
  - BigInt
  - CryptoSwift (~> 0.10.0)
  - SwiftLint (= 0.23.0)
  - TrezorCrypto
  - TrustCore (from `https://github.com/liweiz/trust-core-moac`, branch `commit_f987ee1`)

SPEC REPOS:
  https://github.com/cocoapods/specs.git:
    - BigInt
    - CryptoSwift
    - SipHash
    - SwiftLint
    - TrezorCrypto

EXTERNAL SOURCES:
  TrustCore:
    :branch: commit_f987ee1
    :git: https://github.com/liweiz/trust-core-moac

CHECKOUT OPTIONS:
  TrustCore:
    :commit: 3f07b66a41539eb331688c72732f810649c551ff
    :git: https://github.com/liweiz/trust-core-moac

SPEC CHECKSUMS:
  BigInt: 76b5dfdfa3e2e478d4ffdf161aeede5502e2742f
  CryptoSwift: 6c778d69282bed3b4e975ff97a79d074f20bb011
  SipHash: fad90a4683e420c52ef28063063dbbce248ea6d4
  SwiftLint: 6ddf7d305644c2239cb768a11d97cce804816691
  TrezorCrypto: bfeea47a052dca2c77d4a39e1e183865e52de14d
  TrustCore: 6c7deb45f03664d650da712bb5a19b33df0534a6

PODFILE CHECKSUM: 27bea0ce82030d5621cab4f12e450c98fe8b499a

COCOAPODS: 1.5.3
